{
  "version": 4,
  "terraform_version": "0.13.5",
  "serial": 3,
  "lineage": "27fa2bca-7fc8-4d49-9cbf-83f8e60eeb9b",
  "outputs": {
    "droplet_limit": {
      "value": 10,
      "type": "number"
    },
    "server_ip": {
      "value": "128.199.109.79",
      "type": "string"
    }
  },
  "resources": [
    {
      "mode": "data",
      "type": "digitalocean_account",
      "name": "example",
      "provider": "provider[\"registry.terraform.io/digitalocean/digitalocean\"]",
      "instances": [
        {
          "schema_version": 0,
          "attributes": {
            "droplet_limit": 10,
            "email": "buinavtri@gmail.com",
            "email_verified": true,
            "floating_ip_limit": 3,
            "id": "04d7821d-349b-4372-abd9-a96cf77125f7",
            "status": "active",
            "status_message": "",
            "uuid": "04d7821d-349b-4372-abd9-a96cf77125f7"
          }
        }
      ]
    },
    {
      "mode": "managed",
      "type": "digitalocean_droplet",
      "name": "web",
      "provider": "provider[\"registry.terraform.io/digitalocean/digitalocean\"]",
      "instances": [
        {
          "schema_version": 1,
          "attributes": {
            "backups": false,
            "created_at": "2020-11-10T00:22:19Z",
            "disk": 25,
            "id": "216152333",
            "image": "ubuntu-20-04-x64",
            "ipv4_address": "128.199.109.79",
            "ipv4_address_private": "10.104.0.2",
            "ipv6": false,
            "ipv6_address": "",
            "locked": false,
            "memory": 1024,
            "monitoring": false,
            "name": "web-1",
            "price_hourly": 0.00744,
            "price_monthly": 5,
            "private_networking": true,
            "region": "sgp1",
            "resize_disk": true,
            "size": "s-1vcpu-1gb",
            "ssh_keys": [
              "35:7a:a1:d3:7d:1f:a4:09:97:ff:13:7a:2b:80:3e:a9"
            ],
            "status": "active",
            "tags": null,
            "urn": "do:droplet:216152333",
            "user_data": null,
            "vcpus": 1,
            "volume_ids": [],
            "vpc_uuid": "95af52f4-358d-4e80-82e5-83acac7d8bef"
          },
          "private": "eyJzY2hlbWFfdmVyc2lvbiI6IjEifQ==",
          "dependencies": [
            "digitalocean_ssh_key.default"
          ]
        }
      ]
    },
    {
      "mode": "managed",
      "type": "digitalocean_ssh_key",
      "name": "default",
      "provider": "provider[\"registry.terraform.io/digitalocean/digitalocean\"]",
      "instances": [
        {
          "schema_version": 0,
          "attributes": {
            "fingerprint": "35:7a:a1:d3:7d:1f:a4:09:97:ff:13:7a:2b:80:3e:a9",
            "id": "28915824",
            "name": "Terraform Example",
            "public_key": "ssh-rsa AAAAB3NzaC1yc2EAAAABJQAAAQEAiO0wEVpgwRvuVdCt5WeOzDkYS6z2uzc0OSvC3dK25SKkwU2Mwb8aDHjaJkfmA9tb1L763x4IAx6e11JLCA0W2+iuxI8uaisgbo/FeZu7T9A6JHg54KvnvhvEnDhv3W18Zxz0ZCbERYB5f7SHpUONeKH86XEduQFbSyuMCUNvp2yCCaEPt8dZgcr7hxAVD+zECUB9C0lfU5098fw1A92RLlUWg8dmOccLAyv1RgNc+rE5p3g6aF4l6KjUQFbyNFRhzY1Ns7g/iruiLLSqcuk7Jddpss1sYjTJmJOKH1OaJj0HX2k9XwOjUfyI0fkkp1opSaD8H5VNFEGH4+f1JEj3MQ== trb-rsa-key"
          },
          "private": "bnVsbA=="
        }
      ]
    }
  ]
}
