{
  "version": 4,
  "terraform_version": "0.13.5",
  "serial": 6,
  "lineage": "281bcd3e-d3cd-950e-553e-54d2838bf9af",
  "outputs": {
    "droplet_limit": {
      "value": 10,
      "type": "number"
    },
    "lb_output": {
      "value": "188.166.198.17",
      "type": "string"
    },
    "server_ip": {
      "value": [
        "206.189.87.11",
        "128.199.105.249",
        "206.189.154.96"
      ],
      "type": [
        "tuple",
        [
          "string",
          "string",
          "string"
        ]
      ]
    }
  },
  "resources": [
    {
      "mode": "data",
      "type": "digitalocean_account",
      "name": "example",
      "provider": "provider[\"registry.terraform.io/digitalocean/digitalocean\"]",
      "instances": [
        {
          "schema_version": 0,
          "attributes": {
            "droplet_limit": 10,
            "email": "buinavtri@gmail.com",
            "email_verified": true,
            "floating_ip_limit": 3,
            "id": "04d7821d-349b-4372-abd9-a96cf77125f7",
            "status": "active",
            "status_message": "",
            "uuid": "04d7821d-349b-4372-abd9-a96cf77125f7"
          }
        }
      ]
    },
    {
      "mode": "managed",
      "type": "digitalocean_droplet",
      "name": "web",
      "provider": "provider[\"registry.terraform.io/digitalocean/digitalocean\"]",
      "instances": [
        {
          "index_key": 0,
          "schema_version": 1,
          "attributes": {
            "backups": false,
            "created_at": "2020-11-10T00:53:16Z",
            "disk": 25,
            "id": "216155508",
            "image": "ubuntu-20-04-x64",
            "ipv4_address": "206.189.87.11",
            "ipv4_address_private": "10.104.0.2",
            "ipv6": false,
            "ipv6_address": "",
            "locked": false,
            "memory": 1024,
            "monitoring": false,
            "name": "web-1",
            "price_hourly": 0.00744,
            "price_monthly": 5,
            "private_networking": true,
            "region": "sgp1",
            "resize_disk": true,
            "size": "s-1vcpu-1gb",
            "ssh_keys": [
              "35:7a:a1:d3:7d:1f:a4:09:97:ff:13:7a:2b:80:3e:a9"
            ],
            "status": "active",
            "tags": null,
            "urn": "do:droplet:216155508",
            "user_data": "e9a75cbd7ba3eaddf13fc6925e6d65ac3c490f78",
            "vcpus": 1,
            "volume_ids": [],
            "vpc_uuid": "95af52f4-358d-4e80-82e5-83acac7d8bef"
          },
          "private": "eyJzY2hlbWFfdmVyc2lvbiI6IjEifQ==",
          "dependencies": [
            "digitalocean_ssh_key.default"
          ],
          "create_before_destroy": true
        },
        {
          "index_key": 1,
          "schema_version": 1,
          "attributes": {
            "backups": false,
            "created_at": "2020-11-10T00:53:17Z",
            "disk": 25,
            "id": "216155509",
            "image": "ubuntu-20-04-x64",
            "ipv4_address": "128.199.105.249",
            "ipv4_address_private": "10.104.0.3",
            "ipv6": false,
            "ipv6_address": "",
            "locked": false,
            "memory": 1024,
            "monitoring": false,
            "name": "web-2",
            "price_hourly": 0.00744,
            "price_monthly": 5,
            "private_networking": true,
            "region": "sgp1",
            "resize_disk": true,
            "size": "s-1vcpu-1gb",
            "ssh_keys": [
              "35:7a:a1:d3:7d:1f:a4:09:97:ff:13:7a:2b:80:3e:a9"
            ],
            "status": "active",
            "tags": null,
            "urn": "do:droplet:216155509",
            "user_data": "2e87f930694745a9b9cff3a0227e93a82c076a7b",
            "vcpus": 1,
            "volume_ids": [],
            "vpc_uuid": "95af52f4-358d-4e80-82e5-83acac7d8bef"
          },
          "private": "eyJzY2hlbWFfdmVyc2lvbiI6IjEifQ==",
          "dependencies": [
            "digitalocean_ssh_key.default"
          ],
          "create_before_destroy": true
        },
        {
          "index_key": 2,
          "schema_version": 1,
          "attributes": {
            "backups": false,
            "created_at": "2020-11-10T00:53:17Z",
            "disk": 25,
            "id": "216155510",
            "image": "ubuntu-20-04-x64",
            "ipv4_address": "206.189.154.96",
            "ipv4_address_private": "10.104.0.4",
            "ipv6": false,
            "ipv6_address": "",
            "locked": false,
            "memory": 1024,
            "monitoring": false,
            "name": "web-3",
            "price_hourly": 0.00744,
            "price_monthly": 5,
            "private_networking": true,
            "region": "sgp1",
            "resize_disk": true,
            "size": "s-1vcpu-1gb",
            "ssh_keys": [
              "35:7a:a1:d3:7d:1f:a4:09:97:ff:13:7a:2b:80:3e:a9"
            ],
            "status": "active",
            "tags": null,
            "urn": "do:droplet:216155510",
            "user_data": "8c73695e7907d475771d9e2fc1867076e2d2e2e8",
            "vcpus": 1,
            "volume_ids": [],
            "vpc_uuid": "95af52f4-358d-4e80-82e5-83acac7d8bef"
          },
          "private": "eyJzY2hlbWFfdmVyc2lvbiI6IjEifQ==",
          "dependencies": [
            "digitalocean_ssh_key.default"
          ],
          "create_before_destroy": true
        }
      ]
    },
    {
      "mode": "managed",
      "type": "digitalocean_loadbalancer",
      "name": "public",
      "provider": "provider[\"registry.terraform.io/digitalocean/digitalocean\"]",
      "instances": [
        {
          "schema_version": 1,
          "attributes": {
            "algorithm": "round_robin",
            "droplet_ids": [
              216155508,
              216155509,
              216155510
            ],
            "droplet_tag": "",
            "enable_backend_keepalive": false,
            "enable_proxy_protocol": false,
            "forwarding_rule": [
              {
                "certificate_id": "",
                "certificate_name": "",
                "entry_port": 80,
                "entry_protocol": "http",
                "target_port": 80,
                "target_protocol": "http",
                "tls_passthrough": false
              }
            ],
            "healthcheck": [
              {
                "check_interval_seconds": 10,
                "healthy_threshold": 5,
                "path": "",
                "port": 22,
                "protocol": "tcp",
                "response_timeout_seconds": 5,
                "unhealthy_threshold": 3
              }
            ],
            "id": "19d27dff-39f3-4046-a423-deb562665ed6",
            "ip": "188.166.198.17",
            "name": "loadbalancer-1",
            "redirect_http_to_https": false,
            "region": "sgp1",
            "status": "active",
            "sticky_sessions": [
              {
                "cookie_name": "",
                "cookie_ttl_seconds": 0,
                "type": "none"
              }
            ],
            "urn": "do:loadbalancer:19d27dff-39f3-4046-a423-deb562665ed6",
            "vpc_uuid": "95af52f4-358d-4e80-82e5-83acac7d8bef"
          },
          "private": "eyJzY2hlbWFfdmVyc2lvbiI6IjEifQ==",
          "dependencies": [
            "digitalocean_droplet.web",
            "digitalocean_ssh_key.default"
          ],
          "create_before_destroy": true
        }
      ]
    },
    {
      "mode": "managed",
      "type": "digitalocean_record",
      "name": "www",
      "provider": "provider[\"registry.terraform.io/digitalocean/digitalocean\"]",
      "instances": []
    },
    {
      "mode": "managed",
      "type": "digitalocean_ssh_key",
      "name": "default",
      "provider": "provider[\"registry.terraform.io/digitalocean/digitalocean\"]",
      "instances": [
        {
          "schema_version": 0,
          "attributes": {
            "fingerprint": "35:7a:a1:d3:7d:1f:a4:09:97:ff:13:7a:2b:80:3e:a9",
            "id": "28915946",
            "name": "Terraform Example",
            "public_key": "ssh-rsa AAAAB3NzaC1yc2EAAAABJQAAAQEAiO0wEVpgwRvuVdCt5WeOzDkYS6z2uzc0OSvC3dK25SKkwU2Mwb8aDHjaJkfmA9tb1L763x4IAx6e11JLCA0W2+iuxI8uaisgbo/FeZu7T9A6JHg54KvnvhvEnDhv3W18Zxz0ZCbERYB5f7SHpUONeKH86XEduQFbSyuMCUNvp2yCCaEPt8dZgcr7hxAVD+zECUB9C0lfU5098fw1A92RLlUWg8dmOccLAyv1RgNc+rE5p3g6aF4l6KjUQFbyNFRhzY1Ns7g/iruiLLSqcuk7Jddpss1sYjTJmJOKH1OaJj0HX2k9XwOjUfyI0fkkp1opSaD8H5VNFEGH4+f1JEj3MQ== trb-rsa-key"
          },
          "private": "bnVsbA==",
          "create_before_destroy": true
        }
      ]
    }
  ]
}
